
Microsoft Visual Studio Solution File, Format Version 12.00
# Visual Studio Version 17
VisualStudioVersion = 17.0.31903.59
MinimumVisualStudioVersion = 10.0.40219.1
Project("{FAE04EC0-301F-11D3-BF4B-00C04F79EFBC}") = "EthercatEsi.Core", "EthercatEsi.Core\EthercatEsi.Core.csproj", "{E6EF2C52-4C5F-4701-9EB1-D2765004F7F1}"
EndProject
Project("{FAE04EC0-301F-11D3-BF4B-00C04F79EFBC}") = "EthercatEsi.Tests", "EthercatEsi.Tests\EthercatEsi.Tests.csproj", "{E7080F91-6B5F-4F04-AD58-0B648AF8C905}"
EndProject
Project("{FAE04EC0-301F-11D3-BF4B-00C04F79EFBC}") = "EthercatEsi.Wpf", "EthercatEsi.Wpf\EthercatEsi.Wpf.csproj", "{4861071E-AC97-4808-B294-048D150505EB}"
EndProject
Global
	GlobalSection(SolutionConfigurationPlatforms) = preSolution
		Debug|Any CPU = Debug|Any CPU
		Debug|x64 = Debug|x64
		Debug|x86 = Debug|x86
		Release|Any CPU = Release|Any CPU
		Release|x64 = Release|x64
		Release|x86 = Release|x86
	EndGlobalSection
	GlobalSection(ProjectConfigurationPlatforms) = postSolution
		{E6EF2C52-4C5F-4701-9EB1-D2765004F7F1}.Debug|Any CPU.ActiveCfg = Debug|Any CPU
		{E6EF2C52-4C5F-4701-9EB1-D2765004F7F1}.Debug|Any CPU.Build.0 = Debug|Any CPU
		{E6EF2C52-4C5F-4701-9EB1-D2765004F7F1}.Debug|x64.ActiveCfg = Debug|Any CPU
		{E6EF2C52-4C5F-4701-9EB1-D2765004F7F1}.Debug|x64.Build.0 = Debug|Any CPU
		{E6EF2C52-4C5F-4701-9EB1-D2765004F7F1}.Debug|x86.ActiveCfg = Debug|Any CPU
		{E6EF2C52-4C5F-4701-9EB1-D2765004F7F1}.Debug|x86.Build.0 = Debug|Any CPU
		{E6EF2C52-4C5F-4701-9EB1-D2765004F7F1}.Release|Any CPU.ActiveCfg = Release|Any CPU
		{E6EF2C52-4C5F-4701-9EB1-D2765004F7F1}.Release|Any CPU.Build.0 = Release|Any CPU
		{E6EF2C52-4C5F-4701-9EB1-D2765004F7F1}.Release|x64.ActiveCfg = Release|Any CPU
		{E6EF2C52-4C5F-4701-9EB1-D2765004F7F1}.Release|x64.Build.0 = Release|Any CPU
		{E6EF2C52-4C5F-4701-9EB1-D2765004F7F1}.Release|x86.ActiveCfg = Release|Any CPU
		{E6EF2C52-4C5F-4701-9EB1-D2765004F7F1}.Release|x86.Build.0 = Release|Any CPU
		{E7080F91-6B5F-4F04-AD58-0B648AF8C905}.Debug|Any CPU.ActiveCfg = Debug|Any CPU
		{E7080F91-6B5F-4F04-AD58-0B648AF8C905}.Debug|Any CPU.Build.0 = Debug|Any CPU
		{E7080F91-6B5F-4F04-AD58-0B648AF8C905}.Debug|x64.ActiveCfg = Debug|Any CPU
		{E7080F91-6B5F-4F04-AD58-0B648AF8C905}.Debug|x64.Build.0 = Debug|Any CPU
		{E7080F91-6B5F-4F04-AD58-0B648AF8C905}.Debug|x86.ActiveCfg = Debug|Any CPU
		{E7080F91-6B5F-4F04-AD58-0B648AF8C905}.Debug|x86.Build.0 = Debug|Any CPU
		{E7080F91-6B5F-4F04-AD58-0B648AF8C905}.Release|Any CPU.ActiveCfg = Release|Any CPU
		{E7080F91-6B5F-4F04-AD58-0B648AF8C905}.Release|Any CPU.Build.0 = Release|Any CPU
		{E7080F91-6B5F-4F04-AD58-0B648AF8C905}.Release|x64.ActiveCfg = Release|Any CPU
		{E7080F91-6B5F-4F04-AD58-0B648AF8C905}.Release|x64.Build.0 = Release|Any CPU
		{E7080F91-6B5F-4F04-AD58-0B648AF8C905}.Release|x86.ActiveCfg = Release|Any CPU
		{E7080F91-6B5F-4F04-AD58-0B648AF8C905}.Release|x86.Build.0 = Release|Any CPU
		{4861071E-AC97-4808-B294-048D150505EB}.Debug|Any CPU.ActiveCfg = Debug|Any CPU
		{4861071E-AC97-4808-B294-048D150505EB}.Debug|Any CPU.Build.0 = Debug|Any CPU
		{4861071E-AC97-4808-B294-048D150505EB}.Debug|x64.ActiveCfg = Debug|Any CPU
		{4861071E-AC97-4808-B294-048D150505EB}.Debug|x64.Build.0 = Debug|Any CPU
		{4861071E-AC97-4808-B294-048D150505EB}.Debug|x86.ActiveCfg = Debug|Any CPU
		{4861071E-AC97-4808-B294-048D150505EB}.Debug|x86.Build.0 = Debug|Any CPU
		{4861071E-AC97-4808-B294-048D150505EB}.Release|Any CPU.ActiveCfg = Release|Any CPU
		{4861071E-AC97-4808-B294-048D150505EB}.Release|Any CPU.Build.0 = Release|Any CPU
		{4861071E-AC97-4808-B294-048D150505EB}.Release|x64.ActiveCfg = Release|Any CPU
		{4861071E-AC97-4808-B294-048D150505EB}.Release|x64.Build.0 = Release|Any CPU
		{4861071E-AC97-4808-B294-048D150505EB}.Release|x86.ActiveCfg = Release|Any CPU
		{4861071E-AC97-4808-B294-048D150505EB}.Release|x86.Build.0 = Release|Any CPU
	EndGlobalSection
	GlobalSection(SolutionProperties) = preSolution
		HideSolutionNode = FALSE
	EndGlobalSection
EndGlobal
